
Microsoft Visual Studio Solution File, Format Version 12.00
# Visual Studio 15
VisualStudioVersion = 15.0.26730.16
MinimumVisualStudioVersion = 10.0.40219.1
Project("{FAE04EC0-301F-11D3-BF4B-00C04F79EFBC}") = "GithubDownloader", "GithubDownloader\GithubDownloader.csproj", "{1FD0DCA3-249C-42B5-9A16-F5BFB3AFBF23}"
EndProject
Global
	GlobalSection(SolutionConfigurationPlatforms) = preSolution
		Debug|Any CPU = Debug|Any CPU
		Release|Any CPU = Release|Any CPU
	EndGlobalSection
	GlobalSection(ProjectConfigurationPlatforms) = postSolution
		{1FD0DCA3-249C-42B5-9A16-F5BFB3AFBF23}.Debug|Any CPU.ActiveCfg = Debug|Any CPU
		{1FD0DCA3-249C-42B5-9A16-F5BFB3AFBF23}.Debug|Any CPU.Build.0 = Debug|Any CPU
		{1FD0DCA3-249C-42B5-9A16-F5BFB3AFBF23}.Release|Any CPU.ActiveCfg = Release|Any CPU
		{1FD0DCA3-249C-42B5-9A16-F5BFB3AFBF23}.Release|Any CPU.Build.0 = Release|Any CPU
	EndGlobalSection
	GlobalSection(SolutionProperties) = preSolution
		HideSolutionNode = FALSE
	EndGlobalSection
	GlobalSection(ExtensibilityGlobals) = postSolution
		SolutionGuid = {407B223C-33E0-4E66-BB12-B2D74056C00C}
	EndGlobalSection
EndGlobal
